
Microsoft Visual Studio Solution File, Format Version 12.00
# Visual Studio Version 16
VisualStudioVersion = 16.0.31605.320
MinimumVisualStudioVersion = 10.0.40219.1
Project("{8BC9CEB8-8B4A-11D0-8D11-00A0C91BC942}") = "WidgetBoxTree", "WidgetBoxTree\WidgetBoxTree.vcxproj", "{D5BB6497-9903-4B79-8D17-4D6180338F74}"
EndProject
Global
	GlobalSection(SolutionConfigurationPlatforms) = preSolution
		Debug|x64 = Debug|x64
		Release|x64 = Release|x64
	EndGlobalSection
	GlobalSection(ProjectConfigurationPlatforms) = postSolution
		{D5BB6497-9903-4B79-8D17-4D6180338F74}.Debug|x64.ActiveCfg = Debug|x64
		{D5BB6497-9903-4B79-8D17-4D6180338F74}.Debug|x64.Build.0 = Debug|x64
		{D5BB6497-9903-4B79-8D17-4D6180338F74}.Release|x64.ActiveCfg = Release|x64
		{D5BB6497-9903-4B79-8D17-4D6180338F74}.Release|x64.Build.0 = Release|x64
	EndGlobalSection
	GlobalSection(SolutionProperties) = preSolution
		HideSolutionNode = FALSE
	EndGlobalSection
	GlobalSection(ExtensibilityGlobals) = postSolution
		SolutionGuid = {C71951A6-7689-4761-9A08-4B246890D29F}
	EndGlobalSection
EndGlobal
